
Microsoft Visual Studio Solution File, Format Version 12.00
# Visual Studio Version 16
VisualStudioVersion = 16.0.30406.217
MinimumVisualStudioVersion = 10.0.40219.1
Project("{FAE04EC0-301F-11D3-BF4B-00C04F79EFBC}") = "ESSAdapterToXinput", "ESSAdapterToXinput\ESSAdapterToXinput.csproj", "{D35A740F-FD79-4ED9-A812-1EB04D0875F6}"
EndProject
Global
	GlobalSection(SolutionConfigurationPlatforms) = preSolution
		Debug|Any CPU = Debug|Any CPU
		Release|Any CPU = Release|Any CPU
	EndGlobalSection
	GlobalSection(ProjectConfigurationPlatforms) = postSolution
		{D35A740F-FD79-4ED9-A812-1EB04D0875F6}.Debug|Any CPU.ActiveCfg = Debug|Any CPU
		{D35A740F-FD79-4ED9-A812-1EB04D0875F6}.Debug|Any CPU.Build.0 = Debug|Any CPU
		{D35A740F-FD79-4ED9-A812-1EB04D0875F6}.Release|Any CPU.ActiveCfg = Release|Any CPU
		{D35A740F-FD79-4ED9-A812-1EB04D0875F6}.Release|Any CPU.Build.0 = Release|Any CPU
	EndGlobalSection
	GlobalSection(SolutionProperties) = preSolution
		HideSolutionNode = FALSE
	EndGlobalSection
	GlobalSection(ExtensibilityGlobals) = postSolution
		SolutionGuid = {BB67A6AC-D9A9-4030-A3F3-493D8105F98B}
	EndGlobalSection
EndGlobal
